
Microsoft Visual Studio Solution File, Format Version 12.00
# Visual Studio Version 17
VisualStudioVersion = 17.9.34616.47
MinimumVisualStudioVersion = 10.0.40219.1
Project("{FAE04EC0-301F-11D3-BF4B-00C04F79EFBC}") = "GitExplorer", "GitExplorer\GitExplorer.csproj", "{FB515C60-654C-410C-A700-24B8C1405336}"
EndProject
Global
	GlobalSection(SolutionConfigurationPlatforms) = preSolution
		Debug|Any CPU = Debug|Any CPU
		Release|Any CPU = Release|Any CPU
	EndGlobalSection
	GlobalSection(ProjectConfigurationPlatforms) = postSolution
		{FB515C60-654C-410C-A700-24B8C1405336}.Debug|Any CPU.ActiveCfg = Debug|Any CPU
		{FB515C60-654C-410C-A700-24B8C1405336}.Debug|Any CPU.Build.0 = Debug|Any CPU
		{FB515C60-654C-410C-A700-24B8C1405336}.Release|Any CPU.ActiveCfg = Release|Any CPU
		{FB515C60-654C-410C-A700-24B8C1405336}.Release|Any CPU.Build.0 = Release|Any CPU
	EndGlobalSection
	GlobalSection(SolutionProperties) = preSolution
		HideSolutionNode = FALSE
	EndGlobalSection
	GlobalSection(ExtensibilityGlobals) = postSolution
		SolutionGuid = {E8B7F7AC-CFE2-418E-88D1-C6EC1E89AF03}
	EndGlobalSection
EndGlobal
